// !$*UTF8*$!
{
	archiveVersion = 1;
	classes = {
	};
	objectVersion = 50;
	objects = {

/* Begin PBXBuildFile section */
		0CEBB51834D27177D88C0825 /* Pods_CountriesTests.framework in Frameworks */ = {isa = PBXBuildFile; fileRef = DDA376D2505F583DC9FAA2C5 /* Pods_CountriesTests.framework */; };
		AA1BC7A121A00C2B00417396 /* Dynamic.swift in Sources */ = {isa = PBXBuildFile; fileRef = AA1BC7A021A00C2A00417396 /* Dynamic.swift */; };
		AA1BC7A321A00CD200417396 /* Country.swift in Sources */ = {isa = PBXBuildFile; fileRef = AA1BC7A221A00CD200417396 /* Country.swift */; };
		AA1BC7A521A0151900417396 /* Currency.swift in Sources */ = {isa = PBXBuildFile; fileRef = AA1BC7A421A0151900417396 /* Currency.swift */; };
		AA1BC7A721A0156E00417396 /* Language.swift in Sources */ = {isa = PBXBuildFile; fileRef = AA1BC7A621A0156E00417396 /* Language.swift */; };
		AA1BC7A921A0191500417396 /* RegionalBloc.swift in Sources */ = {isa = PBXBuildFile; fileRef = AA1BC7A821A0191500417396 /* RegionalBloc.swift */; };
		AA1BC7AB21A01DCF00417396 /* CountriesViewModel.swift in Sources */ = {isa = PBXBuildFile; fileRef = AA1BC7AA21A01DCF00417396 /* CountriesViewModel.swift */; };
		AA1BC7AD21A0221400417396 /* CountryCellViewModel.swift in Sources */ = {isa = PBXBuildFile; fileRef = AA1BC7AC21A0221400417396 /* CountryCellViewModel.swift */; };
		AA2238CA219CBAF800485CFE /* AppDelegate.swift in Sources */ = {isa = PBXBuildFile; fileRef = AA2238C9219CBAF800485CFE /* AppDelegate.swift */; };
		AA2238CC219CBAF800485CFE /* CountriesViewController.swift in Sources */ = {isa = PBXBuildFile; fileRef = AA2238CB219CBAF800485CFE /* CountriesViewController.swift */; };
		AA2238CF219CBAF800485CFE /* Main.storyboard in Resources */ = {isa = PBXBuildFile; fileRef = AA2238CD219CBAF800485CFE /* Main.storyboard */; };
		AA2238D1219CBB0000485CFE /* Assets.xcassets in Resources */ = {isa = PBXBuildFile; fileRef = AA2238D0219CBB0000485CFE /* Assets.xcassets */; };
		AA2238D4219CBB0000485CFE /* LaunchScreen.storyboard in Resources */ = {isa = PBXBuildFile; fileRef = AA2238D2219CBB0000485CFE /* LaunchScreen.storyboard */; };
		AA2238DF219CBB0100485CFE /* CountriesTests.swift in Sources */ = {isa = PBXBuildFile; fileRef = AA2238DE219CBB0100485CFE /* CountriesTests.swift */; };
		AA3D4E28219F65C5002D2E88 /* CountryCell.swift in Sources */ = {isa = PBXBuildFile; fileRef = AA3D4E27219F65C5002D2E88 /* CountryCell.swift */; };
		AA3D4E38219F765C002D2E88 /* JSONParameterEncoder.swift in Sources */ = {isa = PBXBuildFile; fileRef = AA3D4E2B219F765C002D2E88 /* JSONParameterEncoder.swift */; };
		AA3D4E39219F765C002D2E88 /* ParameterEncoding.swift in Sources */ = {isa = PBXBuildFile; fileRef = AA3D4E2C219F765C002D2E88 /* ParameterEncoding.swift */; };
		AA3D4E3A219F765C002D2E88 /* URLParameterEncoding.swift in Sources */ = {isa = PBXBuildFile; fileRef = AA3D4E2D219F765C002D2E88 /* URLParameterEncoding.swift */; };
		AA3D4E3B219F765C002D2E88 /* RESTCountriesEndPoint.swift in Sources */ = {isa = PBXBuildFile; fileRef = AA3D4E2F219F765C002D2E88 /* RESTCountriesEndPoint.swift */; };
		AA3D4E3C219F765C002D2E88 /* NetworkManager.swift in Sources */ = {isa = PBXBuildFile; fileRef = AA3D4E31219F765C002D2E88 /* NetworkManager.swift */; };
		AA3D4E3D219F765C002D2E88 /* EndPointType.swift in Sources */ = {isa = PBXBuildFile; fileRef = AA3D4E33219F765C002D2E88 /* EndPointType.swift */; };
		AA3D4E3E219F765C002D2E88 /* HTTPMethod.swift in Sources */ = {isa = PBXBuildFile; fileRef = AA3D4E34219F765C002D2E88 /* HTTPMethod.swift */; };
		AA3D4E3F219F765C002D2E88 /* HTTPTask.swift in Sources */ = {isa = PBXBuildFile; fileRef = AA3D4E35219F765C002D2E88 /* HTTPTask.swift */; };
		AA3D4E40219F765C002D2E88 /* NetworkLogger.swift in Sources */ = {isa = PBXBuildFile; fileRef = AA3D4E36219F765C002D2E88 /* NetworkLogger.swift */; };
		AA3D4E41219F765C002D2E88 /* Router.swift in Sources */ = {isa = PBXBuildFile; fileRef = AA3D4E37219F765C002D2E88 /* Router.swift */; };
		AA8129C521A18E8400C0BA05 /* CurrencyTests.swift in Sources */ = {isa = PBXBuildFile; fileRef = AA8129C421A18E8400C0BA05 /* CurrencyTests.swift */; };
		AA92D74E21A0B93E00CEFA32 /* InfoView.swift in Sources */ = {isa = PBXBuildFile; fileRef = AA92D74D21A0B93E00CEFA32 /* InfoView.swift */; };
		AA92D75021A0B94F00CEFA32 /* InfoView.xib in Resources */ = {isa = PBXBuildFile; fileRef = AA92D74F21A0B94F00CEFA32 /* InfoView.xib */; };
		AAB5472E21A16D8B006EDD06 /* countries.json in Resources */ = {isa = PBXBuildFile; fileRef = AAB5472D21A16D8A006EDD06 /* countries.json */; };
		AAB5473021A16E5A006EDD06 /* XCTestCase.swift in Sources */ = {isa = PBXBuildFile; fileRef = AAB5472F21A16E5A006EDD06 /* XCTestCase.swift */; };
		AAB5473221A17053006EDD06 /* CountriesViewModelTests.swift in Sources */ = {isa = PBXBuildFile; fileRef = AAB5473121A17053006EDD06 /* CountriesViewModelTests.swift */; };
		AAB5473521A17145006EDD06 /* MockNetworkManager.swift in Sources */ = {isa = PBXBuildFile; fileRef = AAB5473421A17145006EDD06 /* MockNetworkManager.swift */; };
		AAD36C4921A1091700FAAB9E /* CountryDetailViewModel.swift in Sources */ = {isa = PBXBuildFile; fileRef = AAD36C4821A1091700FAAB9E /* CountryDetailViewModel.swift */; };
		AAF9995221A03718007CE34D /* Localizable.strings in Resources */ = {isa = PBXBuildFile; fileRef = AAF9995421A03718007CE34D /* Localizable.strings */; };
		AAF9995721A040F9007CE34D /* StringExtension.swift in Sources */ = {isa = PBXBuildFile; fileRef = AAF9995621A040F9007CE34D /* StringExtension.swift */; };
		AAF9995921A05194007CE34D /* CountryDetailViewController.swift in Sources */ = {isa = PBXBuildFile; fileRef = AAF9995821A05194007CE34D /* CountryDetailViewController.swift */; };
		F0EF1C7B4CD56C9DDB372717 /* Pods_Countries.framework in Frameworks */ = {isa = PBXBuildFile; fileRef = 6807A06B48B96970AD522BF5 /* Pods_Countries.framework */; };
/* End PBXBuildFile section */

/* Begin PBXContainerItemProxy section */
		AA2238DB219CBB0000485CFE /* PBXContainerItemProxy */ = {
			isa = PBXContainerItemProxy;
			containerPortal = AA2238BE219CBAF700485CFE /* Project object */;
			proxyType = 1;
			remoteGlobalIDString = AA2238C5219CBAF800485CFE;
			remoteInfo = Countries;
		};
/* End PBXContainerItemProxy section */

/* Begin PBXFileReference section */
		0373A56723067A423B194F75 /* Pods-CountriesTests.debug.xcconfig */ = {isa = PBXFileReference; includeInIndex = 1; lastKnownFileType = text.xcconfig; name = "Pods-CountriesTests.debug.xcconfig"; path = "Pods/Target Support Files/Pods-CountriesTests/Pods-CountriesTests.debug.xcconfig"; sourceTree = "<group>"; };
		42A3EC7E5B426F1285032B72 /* Pods-CountriesTests.release.xcconfig */ = {isa = PBXFileReference; includeInIndex = 1; lastKnownFileType = text.xcconfig; name = "Pods-CountriesTests.release.xcconfig"; path = "Pods/Target Support Files/Pods-CountriesTests/Pods-CountriesTests.release.xcconfig"; sourceTree = "<group>"; };
		59831E297513ABB83D2B962E /* Pods-Countries.debug.xcconfig */ = {isa = PBXFileReference; includeInIndex = 1; lastKnownFileType = text.xcconfig; name = "Pods-Countries.debug.xcconfig"; path = "Pods/Target Support Files/Pods-Countries/Pods-Countries.debug.xcconfig"; sourceTree = "<group>"; };
		6807A06B48B96970AD522BF5 /* Pods_Countries.framework */ = {isa = PBXFileReference; explicitFileType = wrapper.framework; includeInIndex = 0; path = Pods_Countries.framework; sourceTree = BUILT_PRODUCTS_DIR; };
		AA1BC7A021A00C2A00417396 /* Dynamic.swift */ = {isa = PBXFileReference; fileEncoding = 4; lastKnownFileType = sourcecode.swift; path = Dynamic.swift; sourceTree = "<group>"; };
		AA1BC7A221A00CD200417396 /* Country.swift */ = {isa = PBXFileReference; lastKnownFileType = sourcecode.swift; path = Country.swift; sourceTree = "<group>"; };
		AA1BC7A421A0151900417396 /* Currency.swift */ = {isa = PBXFileReference; lastKnownFileType = sourcecode.swift; path = Currency.swift; sourceTree = "<group>"; };
		AA1BC7A621A0156E00417396 /* Language.swift */ = {isa = PBXFileReference; lastKnownFileType = sourcecode.swift; path = Language.swift; sourceTree = "<group>"; };
		AA1BC7A821A0191500417396 /* RegionalBloc.swift */ = {isa = PBXFileReference; lastKnownFileType = sourcecode.swift; path = RegionalBloc.swift; sourceTree = "<group>"; };
		AA1BC7AA21A01DCF00417396 /* CountriesViewModel.swift */ = {isa = PBXFileReference; lastKnownFileType = sourcecode.swift; path = CountriesViewModel.swift; sourceTree = "<group>"; };
		AA1BC7AC21A0221400417396 /* CountryCellViewModel.swift */ = {isa = PBXFileReference; lastKnownFileType = sourcecode.swift; path = CountryCellViewModel.swift; sourceTree = "<group>"; };
		AA2238C6219CBAF800485CFE /* Countries.app */ = {isa = PBXFileReference; explicitFileType = wrapper.application; includeInIndex = 0; path = Countries.app; sourceTree = BUILT_PRODUCTS_DIR; };
		AA2238C9219CBAF800485CFE /* AppDelegate.swift */ = {isa = PBXFileReference; lastKnownFileType = sourcecode.swift; path = AppDelegate.swift; sourceTree = "<group>"; };
		AA2238CB219CBAF800485CFE /* CountriesViewController.swift */ = {isa = PBXFileReference; lastKnownFileType = sourcecode.swift; path = CountriesViewController.swift; sourceTree = "<group>"; };
		AA2238CE219CBAF800485CFE /* Base */ = {isa = PBXFileReference; lastKnownFileType = file.storyboard; name = Base; path = Base.lproj/Main.storyboard; sourceTree = "<group>"; };
		AA2238D0219CBB0000485CFE /* Assets.xcassets */ = {isa = PBXFileReference; lastKnownFileType = folder.assetcatalog; path = Assets.xcassets; sourceTree = "<group>"; };
		AA2238D3219CBB0000485CFE /* Base */ = {isa = PBXFileReference; lastKnownFileType = file.storyboard; name = Base; path = Base.lproj/LaunchScreen.storyboard; sourceTree = "<group>"; };
		AA2238D5219CBB0000485CFE /* Info.plist */ = {isa = PBXFileReference; lastKnownFileType = text.plist.xml; path = Info.plist; sourceTree = "<group>"; };
		AA2238DA219CBB0000485CFE /* CountriesTests.xctest */ = {isa = PBXFileReference; explicitFileType = wrapper.cfbundle; includeInIndex = 0; path = CountriesTests.xctest; sourceTree = BUILT_PRODUCTS_DIR; };
		AA2238DE219CBB0100485CFE /* CountriesTests.swift */ = {isa = PBXFileReference; lastKnownFileType = sourcecode.swift; path = CountriesTests.swift; sourceTree = "<group>"; };
		AA2238E0219CBB0100485CFE /* Info.plist */ = {isa = PBXFileReference; lastKnownFileType = text.plist.xml; path = Info.plist; sourceTree = "<group>"; };
		AA3D4E27219F65C5002D2E88 /* CountryCell.swift */ = {isa = PBXFileReference; lastKnownFileType = sourcecode.swift; path = CountryCell.swift; sourceTree = "<group>"; };
		AA3D4E2B219F765C002D2E88 /* JSONParameterEncoder.swift */ = {isa = PBXFileReference; fileEncoding = 4; lastKnownFileType = sourcecode.swift; path = JSONParameterEncoder.swift; sourceTree = "<group>"; };
		AA3D4E2C219F765C002D2E88 /* ParameterEncoding.swift */ = {isa = PBXFileReference; fileEncoding = 4; lastKnownFileType = sourcecode.swift; path = ParameterEncoding.swift; sourceTree = "<group>"; };
		AA3D4E2D219F765C002D2E88 /* URLParameterEncoding.swift */ = {isa = PBXFileReference; fileEncoding = 4; lastKnownFileType = sourcecode.swift; path = URLParameterEncoding.swift; sourceTree = "<group>"; };
		AA3D4E2F219F765C002D2E88 /* RESTCountriesEndPoint.swift */ = {isa = PBXFileReference; fileEncoding = 4; lastKnownFileType = sourcecode.swift; path = RESTCountriesEndPoint.swift; sourceTree = "<group>"; };
		AA3D4E31219F765C002D2E88 /* NetworkManager.swift */ = {isa = PBXFileReference; fileEncoding = 4; lastKnownFileType = sourcecode.swift; path = NetworkManager.swift; sourceTree = "<group>"; };
		AA3D4E33219F765C002D2E88 /* EndPointType.swift */ = {isa = PBXFileReference; fileEncoding = 4; lastKnownFileType = sourcecode.swift; path = EndPointType.swift; sourceTree = "<group>"; };
		AA3D4E34219F765C002D2E88 /* HTTPMethod.swift */ = {isa = PBXFileReference; fileEncoding = 4; lastKnownFileType = sourcecode.swift; path = HTTPMethod.swift; sourceTree = "<group>"; };
		AA3D4E35219F765C002D2E88 /* HTTPTask.swift */ = {isa = PBXFileReference; fileEncoding = 4; lastKnownFileType = sourcecode.swift; path = HTTPTask.swift; sourceTree = "<group>"; };
		AA3D4E36219F765C002D2E88 /* NetworkLogger.swift */ = {isa = PBXFileReference; fileEncoding = 4; lastKnownFileType = sourcecode.swift; path = NetworkLogger.swift; sourceTree = "<group>"; };
		AA3D4E37219F765C002D2E88 /* Router.swift */ = {isa = PBXFileReference; fileEncoding = 4; lastKnownFileType = sourcecode.swift; path = Router.swift; sourceTree = "<group>"; };
		AA8129C421A18E8400C0BA05 /* CurrencyTests.swift */ = {isa = PBXFileReference; lastKnownFileType = sourcecode.swift; path = CurrencyTests.swift; sourceTree = "<group>"; };
		AA92D74D21A0B93E00CEFA32 /* InfoView.swift */ = {isa = PBXFileReference; lastKnownFileType = sourcecode.swift; path = InfoView.swift; sourceTree = "<group>"; };
		AA92D74F21A0B94F00CEFA32 /* InfoView.xib */ = {isa = PBXFileReference; lastKnownFileType = file.xib; path = InfoView.xib; sourceTree = "<group>"; };
		AAB5472D21A16D8A006EDD06 /* countries.json */ = {isa = PBXFileReference; lastKnownFileType = text.json; path = countries.json; sourceTree = "<group>"; };
		AAB5472F21A16E5A006EDD06 /* XCTestCase.swift */ = {isa = PBXFileReference; fileEncoding = 4; lastKnownFileType = sourcecode.swift; path = XCTestCase.swift; sourceTree = "<group>"; };
		AAB5473121A17053006EDD06 /* CountriesViewModelTests.swift */ = {isa = PBXFileReference; lastKnownFileType = sourcecode.swift; path = CountriesViewModelTests.swift; sourceTree = "<group>"; };
		AAB5473421A17145006EDD06 /* MockNetworkManager.swift */ = {isa = PBXFileReference; lastKnownFileType = sourcecode.swift; path = MockNetworkManager.swift; sourceTree = "<group>"; };
		AAD36C4821A1091700FAAB9E /* CountryDetailViewModel.swift */ = {isa = PBXFileReference; lastKnownFileType = sourcecode.swift; path = CountryDetailViewModel.swift; sourceTree = "<group>"; };
		AAF9995321A03718007CE34D /* en */ = {isa = PBXFileReference; lastKnownFileType = text.plist.strings; name = en; path = en.lproj/Localizable.strings; sourceTree = "<group>"; };
		AAF9995621A040F9007CE34D /* StringExtension.swift */ = {isa = PBXFileReference; lastKnownFileType = sourcecode.swift; path = StringExtension.swift; sourceTree = "<group>"; };
		AAF9995821A05194007CE34D /* CountryDetailViewController.swift */ = {isa = PBXFileReference; lastKnownFileType = sourcecode.swift; path = CountryDetailViewController.swift; sourceTree = "<group>"; };
		DDA376D2505F583DC9FAA2C5 /* Pods_CountriesTests.framework */ = {isa = PBXFileReference; explicitFileType = wrapper.framework; includeInIndex = 0; path = Pods_CountriesTests.framework; sourceTree = BUILT_PRODUCTS_DIR; };
		FE455D85529C61D1211B9776 /* Pods-Countries.release.xcconfig */ = {isa = PBXFileReference; includeInIndex = 1; lastKnownFileType = text.xcconfig; name = "Pods-Countries.release.xcconfig"; path = "Pods/Target Support Files/Pods-Countries/Pods-Countries.release.xcconfig"; sourceTree = "<group>"; };
/* End PBXFileReference section */

/* Begin PBXFrameworksBuildPhase section */
		AA2238C3219CBAF800485CFE /* Frameworks */ = {
			isa = PBXFrameworksBuildPhase;
			buildActionMask = 2147483647;
			files = (
				F0EF1C7B4CD56C9DDB372717 /* Pods_Countries.framework in Frameworks */,
			);
			runOnlyForDeploymentPostprocessing = 0;
		};
		AA2238D7219CBB0000485CFE /* Frameworks */ = {
			isa = PBXFrameworksBuildPhase;
			buildActionMask = 2147483647;
			files = (
				0CEBB51834D27177D88C0825 /* Pods_CountriesTests.framework in Frameworks */,
			);
			runOnlyForDeploymentPostprocessing = 0;
		};
/* End PBXFrameworksBuildPhase section */

/* Begin PBXGroup section */
		286F8747F807F24D7A7B6973 /* Pods */ = {
			isa = PBXGroup;
			children = (
				59831E297513ABB83D2B962E /* Pods-Countries.debug.xcconfig */,
				FE455D85529C61D1211B9776 /* Pods-Countries.release.xcconfig */,
				0373A56723067A423B194F75 /* Pods-CountriesTests.debug.xcconfig */,
				42A3EC7E5B426F1285032B72 /* Pods-CountriesTests.release.xcconfig */,
			);
			name = Pods;
			sourceTree = "<group>";
		};
		AA2238BD219CBAF700485CFE = {
			isa = PBXGroup;
			children = (
				AA2238C8219CBAF800485CFE /* Countries */,
				AA2238DD219CBB0100485CFE /* CountriesTests */,
				AA2238C7219CBAF800485CFE /* Products */,
				286F8747F807F24D7A7B6973 /* Pods */,
				C93B8F2C02A4AC6E9389C012 /* Frameworks */,
			);
			sourceTree = "<group>";
		};
		AA2238C7219CBAF800485CFE /* Products */ = {
			isa = PBXGroup;
			children = (
				AA2238C6219CBAF800485CFE /* Countries.app */,
				AA2238DA219CBB0000485CFE /* CountriesTests.xctest */,
			);
			name = Products;
			sourceTree = "<group>";
		};
		AA2238C8219CBAF800485CFE /* Countries */ = {
			isa = PBXGroup;
			children = (
				AAF9995521A040C8007CE34D /* Extension */,
				AA2238EC219CBDE600485CFE /* Service */,
				AA2238C9219CBAF800485CFE /* AppDelegate.swift */,
				AA2238CD219CBAF800485CFE /* Main.storyboard */,
				AA2238D0219CBB0000485CFE /* Assets.xcassets */,
				AA2238D2219CBB0000485CFE /* LaunchScreen.storyboard */,
				AA2238D5219CBB0000485CFE /* Info.plist */,
				AA2238EB219CBDDE00485CFE /* Model */,
				AA2238EA219CBDD800485CFE /* View */,
				AA2238E9219CBDCC00485CFE /* ViewModel */,
				AAF9995421A03718007CE34D /* Localizable.strings */,
			);
			path = Countries;
			sourceTree = "<group>";
		};
		AA2238DD219CBB0100485CFE /* CountriesTests */ = {
			isa = PBXGroup;
			children = (
				AAB5473321A17120006EDD06 /* MockService */,
				AAB5472C21A16D58006EDD06 /* Resource */,
				AAB5472B21A16D37006EDD06 /* Extension */,
				AA2238DE219CBB0100485CFE /* CountriesTests.swift */,
				AA2238E0219CBB0100485CFE /* Info.plist */,
				AAB5473121A17053006EDD06 /* CountriesViewModelTests.swift */,
				AA8129C421A18E8400C0BA05 /* CurrencyTests.swift */,
			);
			path = CountriesTests;
			sourceTree = "<group>";
		};
		AA2238E9219CBDCC00485CFE /* ViewModel */ = {
			isa = PBXGroup;
			children = (
				AA1BC7AA21A01DCF00417396 /* CountriesViewModel.swift */,
				AA1BC7AC21A0221400417396 /* CountryCellViewModel.swift */,
				AAD36C4821A1091700FAAB9E /* CountryDetailViewModel.swift */,
			);
			path = ViewModel;
			sourceTree = "<group>";
		};
		AA2238EA219CBDD800485CFE /* View */ = {
			isa = PBXGroup;
			children = (
				AA92D74C21A0B91700CEFA32 /* Custom */,
				AA2238ED219CC07600485CFE /* ViewCell */,
				AA2238CB219CBAF800485CFE /* CountriesViewController.swift */,
				AAF9995821A05194007CE34D /* CountryDetailViewController.swift */,
			);
			path = View;
			sourceTree = "<group>";
		};
		AA2238EB219CBDDE00485CFE /* Model */ = {
			isa = PBXGroup;
			children = (
				AA1BC7A021A00C2A00417396 /* Dynamic.swift */,
				AA1BC7A221A00CD200417396 /* Country.swift */,
				AA1BC7A421A0151900417396 /* Currency.swift */,
				AA1BC7A621A0156E00417396 /* Language.swift */,
				AA1BC7A821A0191500417396 /* RegionalBloc.swift */,
			);
			path = Model;
			sourceTree = "<group>";
		};
		AA2238EC219CBDE600485CFE /* Service */ = {
			isa = PBXGroup;
			children = (
				AA3D4E29219F765C002D2E88 /* Networking */,
			);
			path = Service;
			sourceTree = "<group>";
		};
		AA2238ED219CC07600485CFE /* ViewCell */ = {
			isa = PBXGroup;
			children = (
				AA3D4E27219F65C5002D2E88 /* CountryCell.swift */,
			);
			path = ViewCell;
			sourceTree = "<group>";
		};
		AA3D4E29219F765C002D2E88 /* Networking */ = {
			isa = PBXGroup;
			children = (
				AA3D4E2A219F765C002D2E88 /* Encoding */,
				AA3D4E2E219F765C002D2E88 /* EndPoint */,
				AA3D4E30219F765C002D2E88 /* Manager */,
				AA3D4E32219F765C002D2E88 /* Service */,
			);
			path = Networking;
			sourceTree = "<group>";
		};
		AA3D4E2A219F765C002D2E88 /* Encoding */ = {
			isa = PBXGroup;
			children = (
				AA3D4E2B219F765C002D2E88 /* JSONParameterEncoder.swift */,
				AA3D4E2C219F765C002D2E88 /* ParameterEncoding.swift */,
				AA3D4E2D219F765C002D2E88 /* URLParameterEncoding.swift */,
			);
			path = Encoding;
			sourceTree = "<group>";
		};
		AA3D4E2E219F765C002D2E88 /* EndPoint */ = {
			isa = PBXGroup;
			children = (
				AA3D4E2F219F765C002D2E88 /* RESTCountriesEndPoint.swift */,
			);
			path = EndPoint;
			sourceTree = "<group>";
		};
		AA3D4E30219F765C002D2E88 /* Manager */ = {
			isa = PBXGroup;
			children = (
				AA3D4E31219F765C002D2E88 /* NetworkManager.swift */,
			);
			path = Manager;
			sourceTree = "<group>";
		};
		AA3D4E32219F765C002D2E88 /* Service */ = {
			isa = PBXGroup;
			children = (
				AA3D4E33219F765C002D2E88 /* EndPointType.swift */,
				AA3D4E34219F765C002D2E88 /* HTTPMethod.swift */,
				AA3D4E35219F765C002D2E88 /* HTTPTask.swift */,
				AA3D4E36219F765C002D2E88 /* NetworkLogger.swift */,
				AA3D4E37219F765C002D2E88 /* Router.swift */,
			);
			path = Service;
			sourceTree = "<group>";
		};
		AA92D74C21A0B91700CEFA32 /* Custom */ = {
			isa = PBXGroup;
			children = (
				AA92D74D21A0B93E00CEFA32 /* InfoView.swift */,
				AA92D74F21A0B94F00CEFA32 /* InfoView.xib */,
			);
			path = Custom;
			sourceTree = "<group>";
		};
		AAB5472B21A16D37006EDD06 /* Extension */ = {
			isa = PBXGroup;
			children = (
				AAB5472F21A16E5A006EDD06 /* XCTestCase.swift */,
			);
			path = Extension;
			sourceTree = "<group>";
		};
		AAB5472C21A16D58006EDD06 /* Resource */ = {
			isa = PBXGroup;
			children = (
				AAB5472D21A16D8A006EDD06 /* countries.json */,
			);
			path = Resource;
			sourceTree = "<group>";
		};
		AAB5473321A17120006EDD06 /* MockService */ = {
			isa = PBXGroup;
			children = (
				AAB5473421A17145006EDD06 /* MockNetworkManager.swift */,
			);
			path = MockService;
			sourceTree = "<group>";
		};
		AAF9995521A040C8007CE34D /* Extension */ = {
			isa = PBXGroup;
			children = (
				AAF9995621A040F9007CE34D /* StringExtension.swift */,
			);
			path = Extension;
			sourceTree = "<group>";
		};
		C93B8F2C02A4AC6E9389C012 /* Frameworks */ = {
			isa = PBXGroup;
			children = (
				6807A06B48B96970AD522BF5 /* Pods_Countries.framework */,
				DDA376D2505F583DC9FAA2C5 /* Pods_CountriesTests.framework */,
			);
			name = Frameworks;
			sourceTree = "<group>";
		};
/* End PBXGroup section */

/* Begin PBXNativeTarget section */
		AA2238C5219CBAF800485CFE /* Countries */ = {
			isa = PBXNativeTarget;
			buildConfigurationList = AA2238E3219CBB0100485CFE /* Build configuration list for PBXNativeTarget "Countries" */;
			buildPhases = (
				FFEEECE9570BDF97251F2455 /* [CP] Check Pods Manifest.lock */,
				AA2238C2219CBAF800485CFE /* Sources */,
				AA2238C3219CBAF800485CFE /* Frameworks */,
				AA2238C4219CBAF800485CFE /* Resources */,
				89726140D92F4299552B8F0E /* [CP] Embed Pods Frameworks */,
				626A843FC48F88EEE445E766 /* [CP] Copy Pods Resources */,
			);
			buildRules = (
			);
			dependencies = (
			);
			name = Countries;
			productName = Countries;
			productReference = AA2238C6219CBAF800485CFE /* Countries.app */;
			productType = "com.apple.product-type.application";
		};
		AA2238D9219CBB0000485CFE /* CountriesTests */ = {
			isa = PBXNativeTarget;
			buildConfigurationList = AA2238E6219CBB0100485CFE /* Build configuration list for PBXNativeTarget "CountriesTests" */;
			buildPhases = (
				FB4C6FC912D6E1979276915F /* [CP] Check Pods Manifest.lock */,
				AA2238D6219CBB0000485CFE /* Sources */,
				AA2238D7219CBB0000485CFE /* Frameworks */,
				AA2238D8219CBB0000485CFE /* Resources */,
				7E8E4E2103CEC14D85CD8AD5 /* [CP] Embed Pods Frameworks */,
				EA17DB8A808F20B2FC684B19 /* [CP] Copy Pods Resources */,
			);
			buildRules = (
			);
			dependencies = (
				AA2238DC219CBB0000485CFE /* PBXTargetDependency */,
			);
			name = CountriesTests;
			productName = CountriesTests;
			productReference = AA2238DA219CBB0000485CFE /* CountriesTests.xctest */;
			productType = "com.apple.product-type.bundle.unit-test";
		};
/* End PBXNativeTarget section */

/* Begin PBXProject section */
		AA2238BE219CBAF700485CFE /* Project object */ = {
			isa = PBXProject;
			attributes = {
				LastSwiftUpdateCheck = 1010;
				LastUpgradeCheck = 1010;
				ORGANIZATIONNAME = "Christian Huang";
				TargetAttributes = {
					AA2238C5219CBAF800485CFE = {
						CreatedOnToolsVersion = 10.1;
					};
					AA2238D9219CBB0000485CFE = {
						CreatedOnToolsVersion = 10.1;
						TestTargetID = AA2238C5219CBAF800485CFE;
					};
				};
			};
			buildConfigurationList = AA2238C1219CBAF700485CFE /* Build configuration list for PBXProject "Countries" */;
			compatibilityVersion = "Xcode 9.3";
			developmentRegion = en;
			hasScannedForEncodings = 0;
			knownRegions = (
				en,
				Base,
			);
			mainGroup = AA2238BD219CBAF700485CFE;
			productRefGroup = AA2238C7219CBAF800485CFE /* Products */;
			projectDirPath = "";
			projectRoot = "";
			targets = (
				AA2238C5219CBAF800485CFE /* Countries */,
				AA2238D9219CBB0000485CFE /* CountriesTests */,
			);
		};
/* End PBXProject section */

/* Begin PBXResourcesBuildPhase section */
		AA2238C4219CBAF800485CFE /* Resources */ = {
			isa = PBXResourcesBuildPhase;
			buildActionMask = 2147483647;
			files = (
				AA2238D4219CBB0000485CFE /* LaunchScreen.storyboard in Resources */,
				AAF9995221A03718007CE34D /* Localizable.strings in Resources */,
				AA92D75021A0B94F00CEFA32 /* InfoView.xib in Resources */,
				AA2238D1219CBB0000485CFE /* Assets.xcassets in Resources */,
				AA2238CF219CBAF800485CFE /* Main.storyboard in Resources */,
			);
			runOnlyForDeploymentPostprocessing = 0;
		};
		AA2238D8219CBB0000485CFE /* Resources */ = {
			isa = PBXResourcesBuildPhase;
			buildActionMask = 2147483647;
			files = (
				AAB5472E21A16D8B006EDD06 /* countries.json in Resources */,
			);
			runOnlyForDeploymentPostprocessing = 0;
		};
/* End PBXResourcesBuildPhase section */

/* Begin PBXShellScriptBuildPhase section */
		626A843FC48F88EEE445E766 /* [CP] Copy Pods Resources */ = {
			isa = PBXShellScriptBuildPhase;
			buildActionMask = 2147483647;
			files = (
			);
			inputPaths = (
			);
			name = "[CP] Copy Pods Resources";
			outputPaths = (
			);
			runOnlyForDeploymentPostprocessing = 0;
			shellPath = /bin/sh;
			shellScript = "\"${SRCROOT}/Pods/Target Support Files/Pods-Countries/Pods-Countries-resources.sh\"\n";
			showEnvVarsInLog = 0;
		};
		7E8E4E2103CEC14D85CD8AD5 /* [CP] Embed Pods Frameworks */ = {
			isa = PBXShellScriptBuildPhase;
			buildActionMask = 2147483647;
			files = (
			);
			inputPaths = (
			);
			name = "[CP] Embed Pods Frameworks";
			outputPaths = (
			);
			runOnlyForDeploymentPostprocessing = 0;
			shellPath = /bin/sh;
			shellScript = "\"${SRCROOT}/Pods/Target Support Files/Pods-CountriesTests/Pods-CountriesTests-frameworks.sh\"\n";
			showEnvVarsInLog = 0;
		};
		89726140D92F4299552B8F0E /* [CP] Embed Pods Frameworks */ = {
			isa = PBXShellScriptBuildPhase;
			buildActionMask = 2147483647;
			files = (
			);
			inputPaths = (
				"${SRCROOT}/Pods/Target Support Files/Pods-Countries/Pods-Countries-frameworks.sh",
				"${BUILT_PRODUCTS_DIR}/Kingfisher/Kingfisher.framework",
			);
			name = "[CP] Embed Pods Frameworks";
			outputPaths = (
				"${TARGET_BUILD_DIR}/${FRAMEWORKS_FOLDER_PATH}/Kingfisher.framework",
			);
			runOnlyForDeploymentPostprocessing = 0;
			shellPath = /bin/sh;
			shellScript = "\"${SRCROOT}/Pods/Target Support Files/Pods-Countries/Pods-Countries-frameworks.sh\"\n";
			showEnvVarsInLog = 0;
		};
		EA17DB8A808F20B2FC684B19 /* [CP] Copy Pods Resources */ = {
			isa = PBXShellScriptBuildPhase;
			buildActionMask = 2147483647;
			files = (
			);
			inputPaths = (
			);
			name = "[CP] Copy Pods Resources";
			outputPaths = (
			);
			runOnlyForDeploymentPostprocessing = 0;
			shellPath = /bin/sh;
			shellScript = "\"${SRCROOT}/Pods/Target Support Files/Pods-CountriesTests/Pods-CountriesTests-resources.sh\"\n";
			showEnvVarsInLog = 0;
		};
		FB4C6FC912D6E1979276915F /* [CP] Check Pods Manifest.lock */ = {
			isa = PBXShellScriptBuildPhase;
			buildActionMask = 2147483647;
			files = (
			);
			inputPaths = (
				"${PODS_PODFILE_DIR_PATH}/Podfile.lock",
				"${PODS_ROOT}/Manifest.lock",
			);
			name = "[CP] Check Pods Manifest.lock";
			outputPaths = (
				"$(DERIVED_FILE_DIR)/Pods-CountriesTests-checkManifestLockResult.txt",
			);
			runOnlyForDeploymentPostprocessing = 0;
			shellPath = /bin/sh;
			shellScript = "diff \"${PODS_PODFILE_DIR_PATH}/Podfile.lock\" \"${PODS_ROOT}/Manifest.lock\" > /dev/null\nif [ $? != 0 ] ; then\n    # print error to STDERR\n    echo \"error: The sandbox is not in sync with the Podfile.lock. Run 'pod install' or update your CocoaPods installation.\" >&2\n    exit 1\nfi\n# This output is used by Xcode 'outputs' to avoid re-running this script phase.\necho \"SUCCESS\" > \"${SCRIPT_OUTPUT_FILE_0}\"\n";
			showEnvVarsInLog = 0;
		};
		FFEEECE9570BDF97251F2455 /* [CP] Check Pods Manifest.lock */ = {
			isa = PBXShellScriptBuildPhase;
			buildActionMask = 2147483647;
			files = (
			);
			inputPaths = (
				"${PODS_PODFILE_DIR_PATH}/Podfile.lock",
				"${PODS_ROOT}/Manifest.lock",
			);
			name = "[CP] Check Pods Manifest.lock";
			outputPaths = (
				"$(DERIVED_FILE_DIR)/Pods-Countries-checkManifestLockResult.txt",
			);
			runOnlyForDeploymentPostprocessing = 0;
			shellPath = /bin/sh;
			shellScript = "diff \"${PODS_PODFILE_DIR_PATH}/Podfile.lock\" \"${PODS_ROOT}/Manifest.lock\" > /dev/null\nif [ $? != 0 ] ; then\n    # print error to STDERR\n    echo \"error: The sandbox is not in sync with the Podfile.lock. Run 'pod install' or update your CocoaPods installation.\" >&2\n    exit 1\nfi\n# This output is used by Xcode 'outputs' to avoid re-running this script phase.\necho \"SUCCESS\" > \"${SCRIPT_OUTPUT_FILE_0}\"\n";
			showEnvVarsInLog = 0;
		};
/* End PBXShellScriptBuildPhase section */

/* Begin PBXSourcesBuildPhase section */
		AA2238C2219CBAF800485CFE /* Sources */ = {
			isa = PBXSourcesBuildPhase;
			buildActionMask = 2147483647;
			files = (
				AA3D4E40219F765C002D2E88 /* NetworkLogger.swift in Sources */,
				AA1BC7AD21A0221400417396 /* CountryCellViewModel.swift in Sources */,
				AAD36C4921A1091700FAAB9E /* CountryDetailViewModel.swift in Sources */,
				AA3D4E3B219F765C002D2E88 /* RESTCountriesEndPoint.swift in Sources */,
				AA3D4E38219F765C002D2E88 /* JSONParameterEncoder.swift in Sources */,
				AA1BC7A121A00C2B00417396 /* Dynamic.swift in Sources */,
				AA1BC7A521A0151900417396 /* Currency.swift in Sources */,
				AA3D4E3D219F765C002D2E88 /* EndPointType.swift in Sources */,
				AA2238CC219CBAF800485CFE /* CountriesViewController.swift in Sources */,
				AAF9995721A040F9007CE34D /* StringExtension.swift in Sources */,
				AA3D4E39219F765C002D2E88 /* ParameterEncoding.swift in Sources */,
				AA1BC7A721A0156E00417396 /* Language.swift in Sources */,
				AA3D4E3C219F765C002D2E88 /* NetworkManager.swift in Sources */,
				AA2238CA219CBAF800485CFE /* AppDelegate.swift in Sources */,
				AA3D4E3F219F765C002D2E88 /* HTTPTask.swift in Sources */,
				AAF9995921A05194007CE34D /* CountryDetailViewController.swift in Sources */,
				AA92D74E21A0B93E00CEFA32 /* InfoView.swift in Sources */,
				AA3D4E3A219F765C002D2E88 /* URLParameterEncoding.swift in Sources */,
				AA1BC7AB21A01DCF00417396 /* CountriesViewModel.swift in Sources */,
				AA3D4E3E219F765C002D2E88 /* HTTPMethod.swift in Sources */,
				AA1BC7A921A0191500417396 /* RegionalBloc.swift in Sources */,
				AA3D4E28219F65C5002D2E88 /* CountryCell.swift in Sources */,
				AA1BC7A321A00CD200417396 /* Country.swift in Sources */,
				AA3D4E41219F765C002D2E88 /* Router.swift in Sources */,
			);
			runOnlyForDeploymentPostprocessing = 0;
		};
		AA2238D6219CBB0000485CFE /* Sources */ = {
			isa = PBXSourcesBuildPhase;
			buildActionMask = 2147483647;
			files = (
				AAB5473221A17053006EDD06 /* CountriesViewModelTests.swift in Sources */,
				AA8129C521A18E8400C0BA05 /* CurrencyTests.swift in Sources */,
				AAB5473021A16E5A006EDD06 /* XCTestCase.swift in Sources */,
				AAB5473521A17145006EDD06 /* MockNetworkManager.swift in Sources */,
				AA2238DF219CBB0100485CFE /* CountriesTests.swift in Sources */,
			);
			runOnlyForDeploymentPostprocessing = 0;
		};
/* End PBXSourcesBuildPhase section */

/* Begin PBXTargetDependency section */
		AA2238DC219CBB0000485CFE /* PBXTargetDependency */ = {
			isa = PBXTargetDependency;
			target = AA2238C5219CBAF800485CFE /* Countries */;
			targetProxy = AA2238DB219CBB0000485CFE /* PBXContainerItemProxy */;
		};
/* End PBXTargetDependency section */

/* Begin PBXVariantGroup section */
		AA2238CD219CBAF800485CFE /* Main.storyboard */ = {
			isa = PBXVariantGroup;
			children = (
				AA2238CE219CBAF800485CFE /* Base */,
			);
			name = Main.storyboard;
			sourceTree = "<group>";
		};
		AA2238D2219CBB0000485CFE /* LaunchScreen.storyboard */ = {
			isa = PBXVariantGroup;
			children = (
				AA2238D3219CBB0000485CFE /* Base */,
			);
			name = LaunchScreen.storyboard;
			sourceTree = "<group>";
		};
		AAF9995421A03718007CE34D /* Localizable.strings */ = {
			isa = PBXVariantGroup;
			children = (
				AAF9995321A03718007CE34D /* en */,
			);
			name = Localizable.strings;
			sourceTree = "<group>";
		};
/* End PBXVariantGroup section */

/* Begin XCBuildConfiguration section */
		AA2238E1219CBB0100485CFE /* Debug */ = {
			isa = XCBuildConfiguration;
			buildSettings = {
				ALWAYS_SEARCH_USER_PATHS = NO;
				CLANG_ANALYZER_NONNULL = YES;
				CLANG_ANALYZER_NUMBER_OBJECT_CONVERSION = YES_AGGRESSIVE;
				CLANG_CXX_LANGUAGE_STANDARD = "gnu++14";
				CLANG_CXX_LIBRARY = "libc++";
				CLANG_ENABLE_MODULES = YES;
				CLANG_ENABLE_OBJC_ARC = YES;
				CLANG_ENABLE_OBJC_WEAK = YES;
				CLANG_WARN_BLOCK_CAPTURE_AUTORELEASING = YES;
				CLANG_WARN_BOOL_CONVERSION = YES;
				CLANG_WARN_COMMA = YES;
				CLANG_WARN_CONSTANT_CONVERSION = YES;
				CLANG_WARN_DEPRECATED_OBJC_IMPLEMENTATIONS = YES;
				CLANG_WARN_DIRECT_OBJC_ISA_USAGE = YES_ERROR;
				CLANG_WARN_DOCUMENTATION_COMMENTS = YES;
				CLANG_WARN_EMPTY_BODY = YES;
				CLANG_WARN_ENUM_CONVERSION = YES;
				CLANG_WARN_INFINITE_RECURSION = YES;
				CLANG_WARN_INT_CONVERSION = YES;
				CLANG_WARN_NON_LITERAL_NULL_CONVERSION = YES;
				CLANG_WARN_OBJC_IMPLICIT_RETAIN_SELF = YES;
				CLANG_WARN_OBJC_LITERAL_CONVERSION = YES;
				CLANG_WARN_OBJC_ROOT_CLASS = YES_ERROR;
				CLANG_WARN_RANGE_LOOP_ANALYSIS = YES;
				CLANG_WARN_STRICT_PROTOTYPES = YES;
				CLANG_WARN_SUSPICIOUS_MOVE = YES;
				CLANG_WARN_UNGUARDED_AVAILABILITY = YES_AGGRESSIVE;
				CLANG_WARN_UNREACHABLE_CODE = YES;
				CLANG_WARN__DUPLICATE_METHOD_MATCH = YES;
				CODE_SIGN_IDENTITY = "iPhone Developer";
				COPY_PHASE_STRIP = NO;
				DEBUG_INFORMATION_FORMAT = dwarf;
				ENABLE_STRICT_OBJC_MSGSEND = YES;
				ENABLE_TESTABILITY = YES;
				GCC_C_LANGUAGE_STANDARD = gnu11;
				GCC_DYNAMIC_NO_PIC = NO;
				GCC_NO_COMMON_BLOCKS = YES;
				GCC_OPTIMIZATION_LEVEL = 0;
				GCC_PREPROCESSOR_DEFINITIONS = (
					"DEBUG=1",
					"$(inherited)",
				);
				GCC_WARN_64_TO_32_BIT_CONVERSION = YES;
				GCC_WARN_ABOUT_RETURN_TYPE = YES_ERROR;
				GCC_WARN_UNDECLARED_SELECTOR = YES;
				GCC_WARN_UNINITIALIZED_AUTOS = YES_AGGRESSIVE;
				GCC_WARN_UNUSED_FUNCTION = YES;
				GCC_WARN_UNUSED_VARIABLE = YES;
				IPHONEOS_DEPLOYMENT_TARGET = 12.1;
				MTL_ENABLE_DEBUG_INFO = INCLUDE_SOURCE;
				MTL_FAST_MATH = YES;
				ONLY_ACTIVE_ARCH = YES;
				SDKROOT = iphoneos;
				SWIFT_ACTIVE_COMPILATION_CONDITIONS = DEBUG;
				SWIFT_OPTIMIZATION_LEVEL = "-Onone";
			};
			name = Debug;
		};
		AA2238E2219CBB0100485CFE /* Release */ = {
			isa = XCBuildConfiguration;
			buildSettings = {
				ALWAYS_SEARCH_USER_PATHS = NO;
				CLANG_ANALYZER_NONNULL = YES;
				CLANG_ANALYZER_NUMBER_OBJECT_CONVERSION = YES_AGGRESSIVE;
				CLANG_CXX_LANGUAGE_STANDARD = "gnu++14";
				CLANG_CXX_LIBRARY = "libc++";
				CLANG_ENABLE_MODULES = YES;
				CLANG_ENABLE_OBJC_ARC = YES;
				CLANG_ENABLE_OBJC_WEAK = YES;
				CLANG_WARN_BLOCK_CAPTURE_AUTORELEASING = YES;
				CLANG_WARN_BOOL_CONVERSION = YES;
				CLANG_WARN_COMMA = YES;
				CLANG_WARN_CONSTANT_CONVERSION = YES;
				CLANG_WARN_DEPRECATED_OBJC_IMPLEMENTATIONS = YES;
				CLANG_WARN_DIRECT_OBJC_ISA_USAGE = YES_ERROR;
				CLANG_WARN_DOCUMENTATION_COMMENTS = YES;
				CLANG_WARN_EMPTY_BODY = YES;
				CLANG_WARN_ENUM_CONVERSION = YES;
				CLANG_WARN_INFINITE_RECURSION = YES;
				CLANG_WARN_INT_CONVERSION = YES;
				CLANG_WARN_NON_LITERAL_NULL_CONVERSION = YES;
				CLANG_WARN_OBJC_IMPLICIT_RETAIN_SELF = YES;
				CLANG_WARN_OBJC_LITERAL_CONVERSION = YES;
				CLANG_WARN_OBJC_ROOT_CLASS = YES_ERROR;
				CLANG_WARN_RANGE_LOOP_ANALYSIS = YES;
				CLANG_WARN_STRICT_PROTOTYPES = YES;
				CLANG_WARN_SUSPICIOUS_MOVE = YES;
				CLANG_WARN_UNGUARDED_AVAILABILITY = YES_AGGRESSIVE;
				CLANG_WARN_UNREACHABLE_CODE = YES;
				CLANG_WARN__DUPLICATE_METHOD_MATCH = YES;
				CODE_SIGN_IDENTITY = "iPhone Developer";
				COPY_PHASE_STRIP = NO;
				DEBUG_INFORMATION_FORMAT = "dwarf-with-dsym";
				ENABLE_NS_ASSERTIONS = NO;
				ENABLE_STRICT_OBJC_MSGSEND = YES;
				GCC_C_LANGUAGE_STANDARD = gnu11;
				GCC_NO_COMMON_BLOCKS = YES;
				GCC_WARN_64_TO_32_BIT_CONVERSION = YES;
				GCC_WARN_ABOUT_RETURN_TYPE = YES_ERROR;
				GCC_WARN_UNDECLARED_SELECTOR = YES;
				GCC_WARN_UNINITIALIZED_AUTOS = YES_AGGRESSIVE;
				GCC_WARN_UNUSED_FUNCTION = YES;
				GCC_WARN_UNUSED_VARIABLE = YES;
				IPHONEOS_DEPLOYMENT_TARGET = 12.1;
				MTL_ENABLE_DEBUG_INFO = NO;
				MTL_FAST_MATH = YES;
				SDKROOT = iphoneos;
				SWIFT_COMPILATION_MODE = wholemodule;
				SWIFT_OPTIMIZATION_LEVEL = "-O";
				VALIDATE_PRODUCT = YES;
			};
			name = Release;
		};
		AA2238E4219CBB0100485CFE /* Debug */ = {
			isa = XCBuildConfiguration;
			baseConfigurationReference = 59831E297513ABB83D2B962E /* Pods-Countries.debug.xcconfig */;
			buildSettings = {
				ASSETCATALOG_COMPILER_APPICON_NAME = AppIcon;
				CODE_SIGN_STYLE = Automatic;
				DEVELOPMENT_TEAM = 7X5UG5NGMS;
				INFOPLIST_FILE = Countries/Info.plist;
				LD_RUNPATH_SEARCH_PATHS = (
					"$(inherited)",
					"@executable_path/Frameworks",
				);
				PRODUCT_BUNDLE_IDENTIFIER = net.inovidea.Countries;
				PRODUCT_NAME = "$(TARGET_NAME)";
				SWIFT_VERSION = 4.2;
				TARGETED_DEVICE_FAMILY = "1,2";
			};
			name = Debug;
		};
		AA2238E5219CBB0100485CFE /* Release */ = {
			isa = XCBuildConfiguration;
			baseConfigurationReference = FE455D85529C61D1211B9776 /* Pods-Countries.release.xcconfig */;
			buildSettings = {
				ASSETCATALOG_COMPILER_APPICON_NAME = AppIcon;
				CODE_SIGN_STYLE = Automatic;
				DEVELOPMENT_TEAM = 7X5UG5NGMS;
				INFOPLIST_FILE = Countries/Info.plist;
				LD_RUNPATH_SEARCH_PATHS = (
					"$(inherited)",
					"@executable_path/Frameworks",
				);
				PRODUCT_BUNDLE_IDENTIFIER = net.inovidea.Countries;
				PRODUCT_NAME = "$(TARGET_NAME)";
				SWIFT_VERSION = 4.2;
				TARGETED_DEVICE_FAMILY = "1,2";
			};
			name = Release;
		};
		AA2238E7219CBB0100485CFE /* Debug */ = {
			isa = XCBuildConfiguration;
			baseConfigurationReference = 0373A56723067A423B194F75 /* Pods-CountriesTests.debug.xcconfig */;
			buildSettings = {
				ALWAYS_EMBED_SWIFT_STANDARD_LIBRARIES = YES;
				BUNDLE_LOADER = "$(TEST_HOST)";
				CODE_SIGN_STYLE = Automatic;
				DEVELOPMENT_TEAM = 7X5UG5NGMS;
				INFOPLIST_FILE = CountriesTests/Info.plist;
				LD_RUNPATH_SEARCH_PATHS = (
					"$(inherited)",
					"@executable_path/Frameworks",
					"@loader_path/Frameworks",
				);
				PRODUCT_BUNDLE_IDENTIFIER = net.inovidea.CountriesTests;
				PRODUCT_NAME = "$(TARGET_NAME)";
				SWIFT_VERSION = 4.2;
				TARGETED_DEVICE_FAMILY = "1,2";
				TEST_HOST = "$(BUILT_PRODUCTS_DIR)/Countries.app/Countries";
			};
			name = Debug;
		};
		AA2238E8219CBB0100485CFE /* Release */ = {
			isa = XCBuildConfiguration;
			baseConfigurationReference = 42A3EC7E5B426F1285032B72 /* Pods-CountriesTests.release.xcconfig */;
			buildSettings = {
				ALWAYS_EMBED_SWIFT_STANDARD_LIBRARIES = YES;
				BUNDLE_LOADER = "$(TEST_HOST)";
				CODE_SIGN_STYLE = Automatic;
				DEVELOPMENT_TEAM = 7X5UG5NGMS;
				INFOPLIST_FILE = CountriesTests/Info.plist;
				LD_RUNPATH_SEARCH_PATHS = (
					"$(inherited)",
					"@executable_path/Frameworks",
					"@loader_path/Frameworks",
				);
				PRODUCT_BUNDLE_IDENTIFIER = net.inovidea.CountriesTests;
				PRODUCT_NAME = "$(TARGET_NAME)";
				SWIFT_VERSION = 4.2;
				TARGETED_DEVICE_FAMILY = "1,2";
				TEST_HOST = "$(BUILT_PRODUCTS_DIR)/Countries.app/Countries";
			};
			name = Release;
		};
/* End XCBuildConfiguration section */

/* Begin XCConfigurationList section */
		AA2238C1219CBAF700485CFE /* Build configuration list for PBXProject "Countries" */ = {
			isa = XCConfigurationList;
			buildConfigurations = (
				AA2238E1219CBB0100485CFE /* Debug */,
				AA2238E2219CBB0100485CFE /* Release */,
			);
			defaultConfigurationIsVisible = 0;
			defaultConfigurationName = Release;
		};
		AA2238E3219CBB0100485CFE /* Build configuration list for PBXNativeTarget "Countries" */ = {
			isa = XCConfigurationList;
			buildConfigurations = (
				AA2238E4219CBB0100485CFE /* Debug */,
				AA2238E5219CBB0100485CFE /* Release */,
			);
			defaultConfigurationIsVisible = 0;
			defaultConfigurationName = Release;
		};
		AA2238E6219CBB0100485CFE /* Build configuration list for PBXNativeTarget "CountriesTests" */ = {
			isa = XCConfigurationList;
			buildConfigurations = (
				AA2238E7219CBB0100485CFE /* Debug */,
				AA2238E8219CBB0100485CFE /* Release */,
			);
			defaultConfigurationIsVisible = 0;
			defaultConfigurationName = Release;
		};
/* End XCConfigurationList section */
	};
	rootObject = AA2238BE219CBAF700485CFE /* Project object */;
}
